// !$*UTF8*$!
{
	archiveVersion = 1;
	classes = {
	};
	objectVersion = 51;
	objects = {

/* Begin PBXBuildFile section */
		04394AA026819455006EBF8B /* RedBatScene.png in Resources */ = {isa = PBXBuildFile; fileRef = 04394A9F26819455006EBF8B /* RedBatScene.png */; };
		04394AA72681ADEE006EBF8B /* WDAttributeManager.m in Sources */ = {isa = PBXBuildFile; fileRef = 04394AA62681ADEE006EBF8B /* WDAttributeManager.m */; };
		04394AB42681B06A006EBF8B /* WDKknightNode.m in Sources */ = {isa = PBXBuildFile; fileRef = 04394AB32681B06A006EBF8B /* WDKknightNode.m */; };
		04394AB92681B5AE006EBF8B /* Leaky.png in Resources */ = {isa = PBXBuildFile; fileRef = 04394AB82681B5AE006EBF8B /* Leaky.png */; };
		04394ABE2681B5CF006EBF8B /* BuzzCut.png in Resources */ = {isa = PBXBuildFile; fileRef = 04394ABD2681B5CF006EBF8B /* BuzzCut.png */; };
		04394AD22681B7DF006EBF8B /* BerserkHelm.png in Resources */ = {isa = PBXBuildFile; fileRef = 04394AD02681B7DE006EBF8B /* BerserkHelm.png */; };
		04394AD32681B7DF006EBF8B /* LeatherHelm.png in Resources */ = {isa = PBXBuildFile; fileRef = 04394AD12681B7DF006EBF8B /* LeatherHelm.png */; };
		04394AD82681B87B006EBF8B /* EliteKnightHelm.png in Resources */ = {isa = PBXBuildFile; fileRef = 04394AD72681B87B006EBF8B /* EliteKnightHelm.png */; };
		04394ADD2681B8CD006EBF8B /* KnightArmor.png in Resources */ = {isa = PBXBuildFile; fileRef = 04394ADC2681B8CD006EBF8B /* KnightArmor.png */; };
		04394AE32681BD11006EBF8B /* SteelShield.png in Resources */ = {isa = PBXBuildFile; fileRef = 04394AE22681BD11006EBF8B /* SteelShield.png */; };
		044501F3267ADED300C3F83D /* WDBaseNode.m in Sources */ = {isa = PBXBuildFile; fileRef = 044501F2267ADED300C3F83D /* WDBaseNode.m */; };
		04450F31267B4F9B00C3F83D /* Eye_Female.png in Resources */ = {isa = PBXBuildFile; fileRef = 04450F2E267B4F9A00C3F83D /* Eye_Female.png */; };
		04450F32267B4F9B00C3F83D /* Eye_Dead.png in Resources */ = {isa = PBXBuildFile; fileRef = 04450F2F267B4F9B00C3F83D /* Eye_Dead.png */; };
		04450F33267B4F9B00C3F83D /* Eye_Male.png in Resources */ = {isa = PBXBuildFile; fileRef = 04450F30267B4F9B00C3F83D /* Eye_Male.png */; };
		04450F39267B4FD500C3F83D /* EyeBrows_Angry.png in Resources */ = {isa = PBXBuildFile; fileRef = 04450F38267B4FD500C3F83D /* EyeBrows_Angry.png */; };
		04450F3E267B4FE300C3F83D /* EyeBrows_Eyebrows.png in Resources */ = {isa = PBXBuildFile; fileRef = 04450F3D267B4FE300C3F83D /* EyeBrows_Eyebrows.png */; };
		04450F47267B501F00C3F83D /* Mouth_Angry.png in Resources */ = {isa = PBXBuildFile; fileRef = 04450F43267B501E00C3F83D /* Mouth_Angry.png */; };
		04450F48267B501F00C3F83D /* Mouth_Normal.png in Resources */ = {isa = PBXBuildFile; fileRef = 04450F44267B501E00C3F83D /* Mouth_Normal.png */; };
		04450F49267B501F00C3F83D /* Mouth_Smirk.png in Resources */ = {isa = PBXBuildFile; fileRef = 04450F45267B501F00C3F83D /* Mouth_Smirk.png */; };
		04450F4A267B501F00C3F83D /* Mouth_Zombie.png in Resources */ = {isa = PBXBuildFile; fileRef = 04450F46267B501F00C3F83D /* Mouth_Zombie.png */; };
		04450F51267B504700C3F83D /* Ears_ElfEar.png in Resources */ = {isa = PBXBuildFile; fileRef = 04450F4F267B504700C3F83D /* Ears_ElfEar.png */; };
		04450F52267B504700C3F83D /* Ears_HumanEar.png in Resources */ = {isa = PBXBuildFile; fileRef = 04450F50267B504700C3F83D /* Ears_HumanEar.png */; };
		04450F5A267B50A800C3F83D /* HeadScar.png in Resources */ = {isa = PBXBuildFile; fileRef = 04450F57267B50A800C3F83D /* HeadScar.png */; };
		04450F5B267B50A800C3F83D /* PeasantHead.png in Resources */ = {isa = PBXBuildFile; fileRef = 04450F58267B50A800C3F83D /* PeasantHead.png */; };
		04450F5C267B50A800C3F83D /* Head.png in Resources */ = {isa = PBXBuildFile; fileRef = 04450F59267B50A800C3F83D /* Head.png */; };
		04450F65267B50D500C3F83D /* Human.png in Resources */ = {isa = PBXBuildFile; fileRef = 04450F64267B50D500C3F83D /* Human.png */; };
		04450F6B267B520700C3F83D /* Hair6.png in Resources */ = {isa = PBXBuildFile; fileRef = 04450F6A267B520700C3F83D /* Hair6.png */; };
		04450F79267B53DA00C3F83D /* ShadowSword.png in Resources */ = {isa = PBXBuildFile; fileRef = 04450F78267B53DA00C3F83D /* ShadowSword.png */; };
		04450F7E267B59DD00C3F83D /* SamuraiElderSword.png in Resources */ = {isa = PBXBuildFile; fileRef = 04450F7D267B59DD00C3F83D /* SamuraiElderSword.png */; };
		049EFE7E2679F83700283E13 /* AppDelegate.m in Sources */ = {isa = PBXBuildFile; fileRef = 049EFE7D2679F83700283E13 /* AppDelegate.m */; };
		049EFE882679F83700283E13 /* GameViewController.m in Sources */ = {isa = PBXBuildFile; fileRef = 049EFE872679F83700283E13 /* GameViewController.m */; };
		049EFE8B2679F83700283E13 /* Main.storyboard in Resources */ = {isa = PBXBuildFile; fileRef = 049EFE892679F83700283E13 /* Main.storyboard */; };
		049EFE8D2679F83900283E13 /* Assets.xcassets in Resources */ = {isa = PBXBuildFile; fileRef = 049EFE8C2679F83900283E13 /* Assets.xcassets */; };
		049EFE902679F83900283E13 /* main.m in Sources */ = {isa = PBXBuildFile; fileRef = 049EFE8F2679F83900283E13 /* main.m */; };
		049EFEC92679FC5800283E13 /* WDBaseScene.m in Sources */ = {isa = PBXBuildFile; fileRef = 049EFEC82679FC5800283E13 /* WDBaseScene.m */; };
		049EFECF2679FC6A00283E13 /* WDTestScene.m in Sources */ = {isa = PBXBuildFile; fileRef = 049EFECE2679FC6A00283E13 /* WDTestScene.m */; };
		049EFED42679FC8700283E13 /* WDTestScene.sks in Resources */ = {isa = PBXBuildFile; fileRef = 049EFED32679FC8700283E13 /* WDTestScene.sks */; };
		049EFEDD2679FD9E00283E13 /* gogogo.jpg in Resources */ = {isa = PBXBuildFile; fileRef = 049EFEDC2679FD9E00283E13 /* gogogo.jpg */; };
		049EFEEB267A033100283E13 /* WDCalculateTool.m in Sources */ = {isa = PBXBuildFile; fileRef = 049EFEEA267A033100283E13 /* WDCalculateTool.m */; };
		04D88A1F267C972F005C7B0C /* Armor1.png in Resources */ = {isa = PBXBuildFile; fileRef = 04D88A1E267C972F005C7B0C /* Armor1.png */; };
		04D88A24267C9819005C7B0C /* Armor2.png in Resources */ = {isa = PBXBuildFile; fileRef = 04D88A23267C9819005C7B0C /* Armor2.png */; };
		04E25E1E26807D87001CC70F /* Shadow.png in Resources */ = {isa = PBXBuildFile; fileRef = 04E25E1D26807D87001CC70F /* Shadow.png */; };
		04E25E2326807DDE001CC70F /* FamilySword.png in Resources */ = {isa = PBXBuildFile; fileRef = 04E25E2226807DDE001CC70F /* FamilySword.png */; };
		04E25E282680804B001CC70F /* HunterShortBow.png in Resources */ = {isa = PBXBuildFile; fileRef = 04E25E272680804A001CC70F /* HunterShortBow.png */; };
		04E25E2E268091F6001CC70F /* WDBaseNode+Animation.m in Sources */ = {isa = PBXBuildFile; fileRef = 04E25E2D268091F6001CC70F /* WDBaseNode+Animation.m */; };
		B4BA03A275D60B67A665B596 /* Pods_MercenaryStory.framework in Frameworks */ = {isa = PBXBuildFile; fileRef = DBD103ADE2C37D510020EC83 /* Pods_MercenaryStory.framework */; };
/* End PBXBuildFile section */

/* Begin PBXContainerItemProxy section */
		049EFE962679F83900283E13 /* PBXContainerItemProxy */ = {
			isa = PBXContainerItemProxy;
			containerPortal = 049EFE712679F83700283E13 /* Project object */;
			proxyType = 1;
			remoteGlobalIDString = 049EFE782679F83700283E13;
			remoteInfo = MercenaryStory;
		};
		049EFEA12679F83900283E13 /* PBXContainerItemProxy */ = {
			isa = PBXContainerItemProxy;
			containerPortal = 049EFE712679F83700283E13 /* Project object */;
			proxyType = 1;
			remoteGlobalIDString = 049EFE782679F83700283E13;
			remoteInfo = MercenaryStory;
		};
/* End PBXContainerItemProxy section */

/* Begin PBXFileReference section */
		04394A9F26819455006EBF8B /* RedBatScene.png */ = {isa = PBXFileReference; lastKnownFileType = image.png; path = RedBatScene.png; sourceTree = "<group>"; };
		04394AA52681ADEE006EBF8B /* WDAttributeManager.h */ = {isa = PBXFileReference; lastKnownFileType = sourcecode.c.h; path = WDAttributeManager.h; sourceTree = "<group>"; };
		04394AA62681ADEE006EBF8B /* WDAttributeManager.m */ = {isa = PBXFileReference; lastKnownFileType = sourcecode.c.objc; path = WDAttributeManager.m; sourceTree = "<group>"; };
		04394AB22681B06A006EBF8B /* WDKknightNode.h */ = {isa = PBXFileReference; lastKnownFileType = sourcecode.c.h; path = WDKknightNode.h; sourceTree = "<group>"; };
		04394AB32681B06A006EBF8B /* WDKknightNode.m */ = {isa = PBXFileReference; lastKnownFileType = sourcecode.c.objc; path = WDKknightNode.m; sourceTree = "<group>"; };
		04394AB82681B5AE006EBF8B /* Leaky.png */ = {isa = PBXFileReference; lastKnownFileType = image.png; path = Leaky.png; sourceTree = "<group>"; };
		04394ABD2681B5CF006EBF8B /* BuzzCut.png */ = {isa = PBXFileReference; lastKnownFileType = image.png; path = BuzzCut.png; sourceTree = "<group>"; };
		04394AD02681B7DE006EBF8B /* BerserkHelm.png */ = {isa = PBXFileReference; lastKnownFileType = image.png; path = BerserkHelm.png; sourceTree = "<group>"; };
		04394AD12681B7DF006EBF8B /* LeatherHelm.png */ = {isa = PBXFileReference; lastKnownFileType = image.png; path = LeatherHelm.png; sourceTree = "<group>"; };
		04394AD72681B87B006EBF8B /* EliteKnightHelm.png */ = {isa = PBXFileReference; lastKnownFileType = image.png; path = EliteKnightHelm.png; sourceTree = "<group>"; };
		04394ADC2681B8CD006EBF8B /* KnightArmor.png */ = {isa = PBXFileReference; lastKnownFileType = image.png; path = KnightArmor.png; sourceTree = "<group>"; };
		04394AE22681BD11006EBF8B /* SteelShield.png */ = {isa = PBXFileReference; lastKnownFileType = image.png; path = SteelShield.png; sourceTree = "<group>"; };
		044501F1267ADED300C3F83D /* WDBaseNode.h */ = {isa = PBXFileReference; lastKnownFileType = sourcecode.c.h; path = WDBaseNode.h; sourceTree = "<group>"; };
		044501F2267ADED300C3F83D /* WDBaseNode.m */ = {isa = PBXFileReference; lastKnownFileType = sourcecode.c.objc; path = WDBaseNode.m; sourceTree = "<group>"; };
		04450F2E267B4F9A00C3F83D /* Eye_Female.png */ = {isa = PBXFileReference; lastKnownFileType = image.png; path = Eye_Female.png; sourceTree = "<group>"; };
		04450F2F267B4F9B00C3F83D /* Eye_Dead.png */ = {isa = PBXFileReference; lastKnownFileType = image.png; path = Eye_Dead.png; sourceTree = "<group>"; };
		04450F30267B4F9B00C3F83D /* Eye_Male.png */ = {isa = PBXFileReference; lastKnownFileType = image.png; path = Eye_Male.png; sourceTree = "<group>"; };
		04450F38267B4FD500C3F83D /* EyeBrows_Angry.png */ = {isa = PBXFileReference; lastKnownFileType = image.png; path = EyeBrows_Angry.png; sourceTree = "<group>"; };
		04450F3D267B4FE300C3F83D /* EyeBrows_Eyebrows.png */ = {isa = PBXFileReference; lastKnownFileType = image.png; path = EyeBrows_Eyebrows.png; sourceTree = "<group>"; };
		04450F43267B501E00C3F83D /* Mouth_Angry.png */ = {isa = PBXFileReference; lastKnownFileType = image.png; path = Mouth_Angry.png; sourceTree = "<group>"; };
		04450F44267B501E00C3F83D /* Mouth_Normal.png */ = {isa = PBXFileReference; lastKnownFileType = image.png; path = Mouth_Normal.png; sourceTree = "<group>"; };
		04450F45267B501F00C3F83D /* Mouth_Smirk.png */ = {isa = PBXFileReference; lastKnownFileType = image.png; path = Mouth_Smirk.png; sourceTree = "<group>"; };
		04450F46267B501F00C3F83D /* Mouth_Zombie.png */ = {isa = PBXFileReference; lastKnownFileType = image.png; path = Mouth_Zombie.png; sourceTree = "<group>"; };
		04450F4F267B504700C3F83D /* Ears_ElfEar.png */ = {isa = PBXFileReference; lastKnownFileType = image.png; path = Ears_ElfEar.png; sourceTree = "<group>"; };
		04450F50267B504700C3F83D /* Ears_HumanEar.png */ = {isa = PBXFileReference; lastKnownFileType = image.png; path = Ears_HumanEar.png; sourceTree = "<group>"; };
		04450F57267B50A800C3F83D /* HeadScar.png */ = {isa = PBXFileReference; lastKnownFileType = image.png; path = HeadScar.png; sourceTree = "<group>"; };
		04450F58267B50A800C3F83D /* PeasantHead.png */ = {isa = PBXFileReference; lastKnownFileType = image.png; path = PeasantHead.png; sourceTree = "<group>"; };
		04450F59267B50A800C3F83D /* Head.png */ = {isa = PBXFileReference; lastKnownFileType = image.png; path = Head.png; sourceTree = "<group>"; };
		04450F64267B50D500C3F83D /* Human.png */ = {isa = PBXFileReference; lastKnownFileType = image.png; path = Human.png; sourceTree = "<group>"; };
		04450F6A267B520700C3F83D /* Hair6.png */ = {isa = PBXFileReference; lastKnownFileType = image.png; path = Hair6.png; sourceTree = "<group>"; };
		04450F78267B53DA00C3F83D /* ShadowSword.png */ = {isa = PBXFileReference; lastKnownFileType = image.png; path = ShadowSword.png; sourceTree = "<group>"; };
		04450F7D267B59DD00C3F83D /* SamuraiElderSword.png */ = {isa = PBXFileReference; lastKnownFileType = image.png; path = SamuraiElderSword.png; sourceTree = "<group>"; };
		049EFE792679F83700283E13 /* MercenaryStory.app */ = {isa = PBXFileReference; explicitFileType = wrapper.application; includeInIndex = 0; path = MercenaryStory.app; sourceTree = BUILT_PRODUCTS_DIR; };
		049EFE7C2679F83700283E13 /* AppDelegate.h */ = {isa = PBXFileReference; lastKnownFileType = sourcecode.c.h; path = AppDelegate.h; sourceTree = "<group>"; };
		049EFE7D2679F83700283E13 /* AppDelegate.m */ = {isa = PBXFileReference; lastKnownFileType = sourcecode.c.objc; path = AppDelegate.m; sourceTree = "<group>"; };
		049EFE862679F83700283E13 /* GameViewController.h */ = {isa = PBXFileReference; lastKnownFileType = sourcecode.c.h; path = GameViewController.h; sourceTree = "<group>"; };
		049EFE872679F83700283E13 /* GameViewController.m */ = {isa = PBXFileReference; lastKnownFileType = sourcecode.c.objc; path = GameViewController.m; sourceTree = "<group>"; };
		049EFE8A2679F83700283E13 /* Base */ = {isa = PBXFileReference; lastKnownFileType = file.storyboard; name = Base; path = Base.lproj/Main.storyboard; sourceTree = "<group>"; };
		049EFE8C2679F83900283E13 /* Assets.xcassets */ = {isa = PBXFileReference; lastKnownFileType = folder.assetcatalog; path = Assets.xcassets; sourceTree = "<group>"; };
		049EFE8E2679F83900283E13 /* Info.plist */ = {isa = PBXFileReference; lastKnownFileType = text.plist.xml; path = Info.plist; sourceTree = "<group>"; };
		049EFE8F2679F83900283E13 /* main.m */ = {isa = PBXFileReference; lastKnownFileType = sourcecode.c.objc; path = main.m; sourceTree = "<group>"; };
		049EFE952679F83900283E13 /* MercenaryStoryTests.xctest */ = {isa = PBXFileReference; explicitFileType = wrapper.cfbundle; includeInIndex = 0; path = MercenaryStoryTests.xctest; sourceTree = BUILT_PRODUCTS_DIR; };
		049EFEA02679F83900283E13 /* MercenaryStoryUITests.xctest */ = {isa = PBXFileReference; explicitFileType = wrapper.cfbundle; includeInIndex = 0; path = MercenaryStoryUITests.xctest; sourceTree = BUILT_PRODUCTS_DIR; };
		049EFEBE2679FA5700283E13 /* PrefixHeader.pch */ = {isa = PBXFileReference; lastKnownFileType = sourcecode.c.h; path = PrefixHeader.pch; sourceTree = "<group>"; };
		049EFEC72679FC5800283E13 /* WDBaseScene.h */ = {isa = PBXFileReference; lastKnownFileType = sourcecode.c.h; path = WDBaseScene.h; sourceTree = "<group>"; };
		049EFEC82679FC5800283E13 /* WDBaseScene.m */ = {isa = PBXFileReference; lastKnownFileType = sourcecode.c.objc; path = WDBaseScene.m; sourceTree = "<group>"; };
		049EFECD2679FC6A00283E13 /* WDTestScene.h */ = {isa = PBXFileReference; lastKnownFileType = sourcecode.c.h; path = WDTestScene.h; sourceTree = "<group>"; };
		049EFECE2679FC6A00283E13 /* WDTestScene.m */ = {isa = PBXFileReference; lastKnownFileType = sourcecode.c.objc; path = WDTestScene.m; sourceTree = "<group>"; };
		049EFED32679FC8700283E13 /* WDTestScene.sks */ = {isa = PBXFileReference; lastKnownFileType = file.sks; path = WDTestScene.sks; sourceTree = "<group>"; };
		049EFEDC2679FD9E00283E13 /* gogogo.jpg */ = {isa = PBXFileReference; lastKnownFileType = image.jpeg; path = gogogo.jpg; sourceTree = "<group>"; };
		049EFEE9267A033100283E13 /* WDCalculateTool.h */ = {isa = PBXFileReference; lastKnownFileType = sourcecode.c.h; path = WDCalculateTool.h; sourceTree = "<group>"; };
		049EFEEA267A033100283E13 /* WDCalculateTool.m */ = {isa = PBXFileReference; lastKnownFileType = sourcecode.c.objc; path = WDCalculateTool.m; sourceTree = "<group>"; };
		04D88A1E267C972F005C7B0C /* Armor1.png */ = {isa = PBXFileReference; lastKnownFileType = image.png; path = Armor1.png; sourceTree = "<group>"; };
		04D88A23267C9819005C7B0C /* Armor2.png */ = {isa = PBXFileReference; lastKnownFileType = image.png; path = Armor2.png; sourceTree = "<group>"; };
		04E25E1D26807D87001CC70F /* Shadow.png */ = {isa = PBXFileReference; lastKnownFileType = image.png; path = Shadow.png; sourceTree = "<group>"; };
		04E25E2226807DDE001CC70F /* FamilySword.png */ = {isa = PBXFileReference; lastKnownFileType = image.png; path = FamilySword.png; sourceTree = "<group>"; };
		04E25E272680804A001CC70F /* HunterShortBow.png */ = {isa = PBXFileReference; lastKnownFileType = image.png; path = HunterShortBow.png; sourceTree = "<group>"; };
		04E25E2C268091F6001CC70F /* WDBaseNode+Animation.h */ = {isa = PBXFileReference; lastKnownFileType = sourcecode.c.h; path = "WDBaseNode+Animation.h"; sourceTree = "<group>"; };
		04E25E2D268091F6001CC70F /* WDBaseNode+Animation.m */ = {isa = PBXFileReference; lastKnownFileType = sourcecode.c.objc; path = "WDBaseNode+Animation.m"; sourceTree = "<group>"; };
		92E18414883EBCA2F38A05AA /* Pods-MercenaryStory.release.xcconfig */ = {isa = PBXFileReference; includeInIndex = 1; lastKnownFileType = text.xcconfig; name = "Pods-MercenaryStory.release.xcconfig"; path = "Target Support Files/Pods-MercenaryStory/Pods-MercenaryStory.release.xcconfig"; sourceTree = "<group>"; };
		93989DBAC1A006CC52F99BB0 /* Pods-MercenaryStory.debug.xcconfig */ = {isa = PBXFileReference; includeInIndex = 1; lastKnownFileType = text.xcconfig; name = "Pods-MercenaryStory.debug.xcconfig"; path = "Target Support Files/Pods-MercenaryStory/Pods-MercenaryStory.debug.xcconfig"; sourceTree = "<group>"; };
		DBD103ADE2C37D510020EC83 /* Pods_MercenaryStory.framework */ = {isa = PBXFileReference; explicitFileType = wrapper.framework; includeInIndex = 0; path = Pods_MercenaryStory.framework; sourceTree = BUILT_PRODUCTS_DIR; };
/* End PBXFileReference section */

/* Begin PBXFrameworksBuildPhase section */
		049EFE762679F83700283E13 /* Frameworks */ = {
			isa = PBXFrameworksBuildPhase;
			buildActionMask = 2147483647;
			files = (
				B4BA03A275D60B67A665B596 /* Pods_MercenaryStory.framework in Frameworks */,
			);
			runOnlyForDeploymentPostprocessing = 0;
		};
		049EFE922679F83900283E13 /* Frameworks */ = {
			isa = PBXFrameworksBuildPhase;
			buildActionMask = 2147483647;
			files = (
			);
			runOnlyForDeploymentPostprocessing = 0;
		};
		049EFE9D2679F83900283E13 /* Frameworks */ = {
			isa = PBXFrameworksBuildPhase;
			buildActionMask = 2147483647;
			files = (
			);
			runOnlyForDeploymentPostprocessing = 0;
		};
/* End PBXFrameworksBuildPhase section */

/* Begin PBXGroup section */
		04394AA42681ADB6006EBF8B /* WDManager */ = {
			isa = PBXGroup;
			children = (
				04394AA52681ADEE006EBF8B /* WDAttributeManager.h */,
				04394AA62681ADEE006EBF8B /* WDAttributeManager.m */,
			);
			path = WDManager;
			sourceTree = "<group>";
		};
		04394AAE2681AFE3006EBF8B /* WDUsers */ = {
			isa = PBXGroup;
			children = (
				04394AB22681B06A006EBF8B /* WDKknightNode.h */,
				04394AB32681B06A006EBF8B /* WDKknightNode.m */,
			);
			path = WDUsers;
			sourceTree = "<group>";
		};
		04394ACC2681B7BD006EBF8B /* Helmet */ = {
			isa = PBXGroup;
			children = (
				04394AD72681B87B006EBF8B /* EliteKnightHelm.png */,
				04394AD02681B7DE006EBF8B /* BerserkHelm.png */,
				04394AD12681B7DF006EBF8B /* LeatherHelm.png */,
			);
			path = Helmet;
			sourceTree = "<group>";
		};
		04394AE12681BCF2006EBF8B /* Shield */ = {
			isa = PBXGroup;
			children = (
				04394AE22681BD11006EBF8B /* SteelShield.png */,
			);
			path = Shield;
			sourceTree = "<group>";
		};
		0445021F267B4DF300C3F83D /* WDImages */ = {
			isa = PBXGroup;
			children = (
				04394A9F26819455006EBF8B /* RedBatScene.png */,
				04E25E1D26807D87001CC70F /* Shadow.png */,
				04394AE12681BCF2006EBF8B /* Shield */,
				04394ACC2681B7BD006EBF8B /* Helmet */,
				04D88A1D267C9728005C7B0C /* Armor */,
				04450F6F267B53AF00C3F83D /* Weapon */,
				04450F69267B51FE00C3F83D /* Hair */,
				04450F63267B50CA00C3F83D /* Body */,
				04450F56267B509D00C3F83D /* Head */,
				04450F4E267B503400C3F83D /* Ears */,
				04450F42267B500200C3F83D /* Mouth */,
				04450F37267B4FBA00C3F83D /* Eyebrows */,
				04450F2D267B4F7900C3F83D /* Eyes */,
			);
			path = WDImages;
			sourceTree = "<group>";
		};
		04450F2D267B4F7900C3F83D /* Eyes */ = {
			isa = PBXGroup;
			children = (
				04450F2F267B4F9B00C3F83D /* Eye_Dead.png */,
				04450F2E267B4F9A00C3F83D /* Eye_Female.png */,
				04450F30267B4F9B00C3F83D /* Eye_Male.png */,
			);
			path = Eyes;
			sourceTree = "<group>";
		};
		04450F37267B4FBA00C3F83D /* Eyebrows */ = {
			isa = PBXGroup;
			children = (
				04450F3D267B4FE300C3F83D /* EyeBrows_Eyebrows.png */,
				04450F38267B4FD500C3F83D /* EyeBrows_Angry.png */,
			);
			path = Eyebrows;
			sourceTree = "<group>";
		};
		04450F42267B500200C3F83D /* Mouth */ = {
			isa = PBXGroup;
			children = (
				04450F43267B501E00C3F83D /* Mouth_Angry.png */,
				04450F44267B501E00C3F83D /* Mouth_Normal.png */,
				04450F45267B501F00C3F83D /* Mouth_Smirk.png */,
				04450F46267B501F00C3F83D /* Mouth_Zombie.png */,
			);
			path = Mouth;
			sourceTree = "<group>";
		};
		04450F4E267B503400C3F83D /* Ears */ = {
			isa = PBXGroup;
			children = (
				04450F4F267B504700C3F83D /* Ears_ElfEar.png */,
				04450F50267B504700C3F83D /* Ears_HumanEar.png */,
			);
			path = Ears;
			sourceTree = "<group>";
		};
		04450F56267B509D00C3F83D /* Head */ = {
			isa = PBXGroup;
			children = (
				04450F59267B50A800C3F83D /* Head.png */,
				04450F57267B50A800C3F83D /* HeadScar.png */,
				04450F58267B50A800C3F83D /* PeasantHead.png */,
			);
			path = Head;
			sourceTree = "<group>";
		};
		04450F63267B50CA00C3F83D /* Body */ = {
			isa = PBXGroup;
			children = (
				04450F64267B50D500C3F83D /* Human.png */,
			);
			path = Body;
			sourceTree = "<group>";
		};
		04450F69267B51FE00C3F83D /* Hair */ = {
			isa = PBXGroup;
			children = (
				04394ABD2681B5CF006EBF8B /* BuzzCut.png */,
				04394AB82681B5AE006EBF8B /* Leaky.png */,
				04450F6A267B520700C3F83D /* Hair6.png */,
			);
			path = Hair;
			sourceTree = "<group>";
		};
		04450F6F267B53AF00C3F83D /* Weapon */ = {
			isa = PBXGroup;
			children = (
				04E25E272680804A001CC70F /* HunterShortBow.png */,
				04E25E2226807DDE001CC70F /* FamilySword.png */,
				04450F78267B53DA00C3F83D /* ShadowSword.png */,
				04450F7D267B59DD00C3F83D /* SamuraiElderSword.png */,
			);
			path = Weapon;
			sourceTree = "<group>";
		};
		049EFE702679F83700283E13 = {
			isa = PBXGroup;
			children = (
				04394AAE2681AFE3006EBF8B /* WDUsers */,
				04394AA42681ADB6006EBF8B /* WDManager */,
				0445021F267B4DF300C3F83D /* WDImages */,
				049EFEC62679FC4C00283E13 /* WDBase */,
				049EFEC52679FC0D00283E13 /* WDScene */,
				049EFEBD2679FA3C00283E13 /* WDTool */,
				049EFE7B2679F83700283E13 /* MercenaryStory */,
				049EFE7A2679F83700283E13 /* Products */,
				A5A50B841D983A4E5DA4BB93 /* Pods */,
				B548025B664C65B65C09E299 /* Frameworks */,
			);
			sourceTree = "<group>";
		};
		049EFE7A2679F83700283E13 /* Products */ = {
			isa = PBXGroup;
			children = (
				049EFE792679F83700283E13 /* MercenaryStory.app */,
				049EFE952679F83900283E13 /* MercenaryStoryTests.xctest */,
				049EFEA02679F83900283E13 /* MercenaryStoryUITests.xctest */,
			);
			name = Products;
			sourceTree = "<group>";
		};
		049EFE7B2679F83700283E13 /* MercenaryStory */ = {
			isa = PBXGroup;
			children = (
				049EFEDC2679FD9E00283E13 /* gogogo.jpg */,
				049EFE7C2679F83700283E13 /* AppDelegate.h */,
				049EFE7D2679F83700283E13 /* AppDelegate.m */,
				049EFE862679F83700283E13 /* GameViewController.h */,
				049EFE872679F83700283E13 /* GameViewController.m */,
				049EFE892679F83700283E13 /* Main.storyboard */,
				049EFE8C2679F83900283E13 /* Assets.xcassets */,
				049EFE8E2679F83900283E13 /* Info.plist */,
				049EFE8F2679F83900283E13 /* main.m */,
			);
			path = MercenaryStory;
			sourceTree = "<group>";
		};
		049EFEBD2679FA3C00283E13 /* WDTool */ = {
			isa = PBXGroup;
			children = (
				049EFEBE2679FA5700283E13 /* PrefixHeader.pch */,
				049EFEE9267A033100283E13 /* WDCalculateTool.h */,
				049EFEEA267A033100283E13 /* WDCalculateTool.m */,
			);
			path = WDTool;
			sourceTree = "<group>";
		};
		049EFEC52679FC0D00283E13 /* WDScene */ = {
			isa = PBXGroup;
			children = (
				049EFECD2679FC6A00283E13 /* WDTestScene.h */,
				049EFECE2679FC6A00283E13 /* WDTestScene.m */,
				049EFED32679FC8700283E13 /* WDTestScene.sks */,
			);
			path = WDScene;
			sourceTree = "<group>";
		};
		049EFEC62679FC4C00283E13 /* WDBase */ = {
			isa = PBXGroup;
			children = (
				049EFEC72679FC5800283E13 /* WDBaseScene.h */,
				049EFEC82679FC5800283E13 /* WDBaseScene.m */,
				044501F1267ADED300C3F83D /* WDBaseNode.h */,
				044501F2267ADED300C3F83D /* WDBaseNode.m */,
				04E25E2C268091F6001CC70F /* WDBaseNode+Animation.h */,
				04E25E2D268091F6001CC70F /* WDBaseNode+Animation.m */,
			);
			path = WDBase;
			sourceTree = "<group>";
		};
		04D88A1D267C9728005C7B0C /* Armor */ = {
			isa = PBXGroup;
			children = (
				04394ADC2681B8CD006EBF8B /* KnightArmor.png */,
				04D88A1E267C972F005C7B0C /* Armor1.png */,
				04D88A23267C9819005C7B0C /* Armor2.png */,
			);
			path = Armor;
			sourceTree = "<group>";
		};
		A5A50B841D983A4E5DA4BB93 /* Pods */ = {
			isa = PBXGroup;
			children = (
				93989DBAC1A006CC52F99BB0 /* Pods-MercenaryStory.debug.xcconfig */,
				92E18414883EBCA2F38A05AA /* Pods-MercenaryStory.release.xcconfig */,
			);
			path = Pods;
			sourceTree = "<group>";
		};
		B548025B664C65B65C09E299 /* Frameworks */ = {
			isa = PBXGroup;
			children = (
				DBD103ADE2C37D510020EC83 /* Pods_MercenaryStory.framework */,
			);
			name = Frameworks;
			sourceTree = "<group>";
		};
/* End PBXGroup section */

/* Begin PBXNativeTarget section */
		049EFE782679F83700283E13 /* MercenaryStory */ = {
			isa = PBXNativeTarget;
			buildConfigurationList = 049EFEA92679F83900283E13 /* Build configuration list for PBXNativeTarget "MercenaryStory" */;
			buildPhases = (
				8B5E347063CC5A97EE5CB24A /* [CP] Check Pods Manifest.lock */,
				049EFE752679F83700283E13 /* Sources */,
				049EFE762679F83700283E13 /* Frameworks */,
				049EFE772679F83700283E13 /* Resources */,
				5FAF2B71D5A6C0DCF185260A /* [CP] Embed Pods Frameworks */,
			);
			buildRules = (
			);
			dependencies = (
			);
			name = MercenaryStory;
			productName = MercenaryStory;
			productReference = 049EFE792679F83700283E13 /* MercenaryStory.app */;
			productType = "com.apple.product-type.application";
		};
		049EFE942679F83900283E13 /* MercenaryStoryTests */ = {
			isa = PBXNativeTarget;
			buildConfigurationList = 049EFEAC2679F83900283E13 /* Build configuration list for PBXNativeTarget "MercenaryStoryTests" */;
			buildPhases = (
				049EFE912679F83900283E13 /* Sources */,
				049EFE922679F83900283E13 /* Frameworks */,
				049EFE932679F83900283E13 /* Resources */,
			);
			buildRules = (
			);
			dependencies = (
				049EFE972679F83900283E13 /* PBXTargetDependency */,
			);
			name = MercenaryStoryTests;
			productName = MercenaryStoryTests;
			productReference = 049EFE952679F83900283E13 /* MercenaryStoryTests.xctest */;
			productType = "com.apple.product-type.bundle.unit-test";
		};
		049EFE9F2679F83900283E13 /* MercenaryStoryUITests */ = {
			isa = PBXNativeTarget;
			buildConfigurationList = 049EFEAF2679F83900283E13 /* Build configuration list for PBXNativeTarget "MercenaryStoryUITests" */;
			buildPhases = (
				049EFE9C2679F83900283E13 /* Sources */,
				049EFE9D2679F83900283E13 /* Frameworks */,
				049EFE9E2679F83900283E13 /* Resources */,
			);
			buildRules = (
			);
			dependencies = (
				049EFEA22679F83900283E13 /* PBXTargetDependency */,
			);
			name = MercenaryStoryUITests;
			productName = MercenaryStoryUITests;
			productReference = 049EFEA02679F83900283E13 /* MercenaryStoryUITests.xctest */;
			productType = "com.apple.product-type.bundle.ui-testing";
		};
/* End PBXNativeTarget section */

/* Begin PBXProject section */
		049EFE712679F83700283E13 /* Project object */ = {
			isa = PBXProject;
			attributes = {
				LastUpgradeCheck = 1240;
				TargetAttributes = {
					049EFE782679F83700283E13 = {
						CreatedOnToolsVersion = 12.4;
					};
					049EFE942679F83900283E13 = {
						CreatedOnToolsVersion = 12.4;
						TestTargetID = 049EFE782679F83700283E13;
					};
					049EFE9F2679F83900283E13 = {
						CreatedOnToolsVersion = 12.4;
						TestTargetID = 049EFE782679F83700283E13;
					};
				};
			};
			buildConfigurationList = 049EFE742679F83700283E13 /* Build configuration list for PBXProject "MercenaryStory" */;
			compatibilityVersion = "Xcode 9.3";
			developmentRegion = en;
			hasScannedForEncodings = 0;
			knownRegions = (
				en,
				Base,
			);
			mainGroup = 049EFE702679F83700283E13;
			productRefGroup = 049EFE7A2679F83700283E13 /* Products */;
			projectDirPath = "";
			projectRoot = "";
			targets = (
				049EFE782679F83700283E13 /* MercenaryStory */,
				049EFE942679F83900283E13 /* MercenaryStoryTests */,
				049EFE9F2679F83900283E13 /* MercenaryStoryUITests */,
			);
		};
/* End PBXProject section */

/* Begin PBXResourcesBuildPhase section */
		049EFE772679F83700283E13 /* Resources */ = {
			isa = PBXResourcesBuildPhase;
			buildActionMask = 2147483647;
			files = (
				04D88A1F267C972F005C7B0C /* Armor1.png in Resources */,
				04394AD82681B87B006EBF8B /* EliteKnightHelm.png in Resources */,
				04450F5C267B50A800C3F83D /* Head.png in Resources */,
				04394AA026819455006EBF8B /* RedBatScene.png in Resources */,
				04450F33267B4F9B00C3F83D /* Eye_Male.png in Resources */,
				04450F49267B501F00C3F83D /* Mouth_Smirk.png in Resources */,
				04450F5B267B50A800C3F83D /* PeasantHead.png in Resources */,
				04E25E2326807DDE001CC70F /* FamilySword.png in Resources */,
				04450F48267B501F00C3F83D /* Mouth_Normal.png in Resources */,
				04450F65267B50D500C3F83D /* Human.png in Resources */,
				049EFE8B2679F83700283E13 /* Main.storyboard in Resources */,
				04D88A24267C9819005C7B0C /* Armor2.png in Resources */,
				04E25E1E26807D87001CC70F /* Shadow.png in Resources */,
				04450F52267B504700C3F83D /* Ears_HumanEar.png in Resources */,
				04394AD32681B7DF006EBF8B /* LeatherHelm.png in Resources */,
				04394ABE2681B5CF006EBF8B /* BuzzCut.png in Resources */,
				04394ADD2681B8CD006EBF8B /* KnightArmor.png in Resources */,
				04450F31267B4F9B00C3F83D /* Eye_Female.png in Resources */,
				04450F47267B501F00C3F83D /* Mouth_Angry.png in Resources */,
				04394AD22681B7DF006EBF8B /* BerserkHelm.png in Resources */,
				04450F51267B504700C3F83D /* Ears_ElfEar.png in Resources */,
				04394AB92681B5AE006EBF8B /* Leaky.png in Resources */,
				04450F7E267B59DD00C3F83D /* SamuraiElderSword.png in Resources */,
				049EFEDD2679FD9E00283E13 /* gogogo.jpg in Resources */,
				04450F39267B4FD500C3F83D /* EyeBrows_Angry.png in Resources */,
				049EFE8D2679F83900283E13 /* Assets.xcassets in Resources */,
				04450F79267B53DA00C3F83D /* ShadowSword.png in Resources */,
				04450F6B267B520700C3F83D /* Hair6.png in Resources */,
				049EFED42679FC8700283E13 /* WDTestScene.sks in Resources */,
				04450F32267B4F9B00C3F83D /* Eye_Dead.png in Resources */,
				04E25E282680804B001CC70F /* HunterShortBow.png in Resources */,
				04450F3E267B4FE300C3F83D /* EyeBrows_Eyebrows.png in Resources */,
				04394AE32681BD11006EBF8B /* SteelShield.png in Resources */,
				04450F4A267B501F00C3F83D /* Mouth_Zombie.png in Resources */,
				04450F5A267B50A800C3F83D /* HeadScar.png in Resources */,
			);
			runOnlyForDeploymentPostprocessing = 0;
		};
		049EFE932679F83900283E13 /* Resources */ = {
			isa = PBXResourcesBuildPhase;
			buildActionMask = 2147483647;
			files = (
			);
			runOnlyForDeploymentPostprocessing = 0;
		};
		049EFE9E2679F83900283E13 /* Resources */ = {
			isa = PBXResourcesBuildPhase;
			buildActionMask = 2147483647;
			files = (
			);
			runOnlyForDeploymentPostprocessing = 0;
		};
/* End PBXResourcesBuildPhase section */

/* Begin PBXShellScriptBuildPhase section */
		5FAF2B71D5A6C0DCF185260A /* [CP] Embed Pods Frameworks */ = {
			isa = PBXShellScriptBuildPhase;
			buildActionMask = 2147483647;
			files = (
			);
			inputFileListPaths = (
				"${PODS_ROOT}/Target Support Files/Pods-MercenaryStory/Pods-MercenaryStory-frameworks-${CONFIGURATION}-input-files.xcfilelist",
			);
			name = "[CP] Embed Pods Frameworks";
			outputFileListPaths = (
				"${PODS_ROOT}/Target Support Files/Pods-MercenaryStory/Pods-MercenaryStory-frameworks-${CONFIGURATION}-output-files.xcfilelist",
			);
			runOnlyForDeploymentPostprocessing = 0;
			shellPath = /bin/sh;
			shellScript = "\"${PODS_ROOT}/Target Support Files/Pods-MercenaryStory/Pods-MercenaryStory-frameworks.sh\"\n";
			showEnvVarsInLog = 0;
		};
		8B5E347063CC5A97EE5CB24A /* [CP] Check Pods Manifest.lock */ = {
			isa = PBXShellScriptBuildPhase;
			buildActionMask = 2147483647;
			files = (
			);
			inputFileListPaths = (
			);
			inputPaths = (
				"${PODS_PODFILE_DIR_PATH}/Podfile.lock",
				"${PODS_ROOT}/Manifest.lock",
			);
			name = "[CP] Check Pods Manifest.lock";
			outputFileListPaths = (
			);
			outputPaths = (
				"$(DERIVED_FILE_DIR)/Pods-MercenaryStory-checkManifestLockResult.txt",
			);
			runOnlyForDeploymentPostprocessing = 0;
			shellPath = /bin/sh;
			shellScript = "diff \"${PODS_PODFILE_DIR_PATH}/Podfile.lock\" \"${PODS_ROOT}/Manifest.lock\" > /dev/null\nif [ $? != 0 ] ; then\n    # print error to STDERR\n    echo \"error: The sandbox is not in sync with the Podfile.lock. Run 'pod install' or update your CocoaPods installation.\" >&2\n    exit 1\nfi\n# This output is used by Xcode 'outputs' to avoid re-running this script phase.\necho \"SUCCESS\" > \"${SCRIPT_OUTPUT_FILE_0}\"\n";
			showEnvVarsInLog = 0;
		};
/* End PBXShellScriptBuildPhase section */

/* Begin PBXSourcesBuildPhase section */
		049EFE752679F83700283E13 /* Sources */ = {
			isa = PBXSourcesBuildPhase;
			buildActionMask = 2147483647;
			files = (
				04E25E2E268091F6001CC70F /* WDBaseNode+Animation.m in Sources */,
				049EFEC92679FC5800283E13 /* WDBaseScene.m in Sources */,
				049EFE882679F83700283E13 /* GameViewController.m in Sources */,
				049EFE902679F83900283E13 /* main.m in Sources */,
				049EFEEB267A033100283E13 /* WDCalculateTool.m in Sources */,
				04394AA72681ADEE006EBF8B /* WDAttributeManager.m in Sources */,
				044501F3267ADED300C3F83D /* WDBaseNode.m in Sources */,
				049EFE7E2679F83700283E13 /* AppDelegate.m in Sources */,
				049EFECF2679FC6A00283E13 /* WDTestScene.m in Sources */,
				04394AB42681B06A006EBF8B /* WDKknightNode.m in Sources */,
			);
			runOnlyForDeploymentPostprocessing = 0;
		};
		049EFE912679F83900283E13 /* Sources */ = {
			isa = PBXSourcesBuildPhase;
			buildActionMask = 2147483647;
			files = (
			);
			runOnlyForDeploymentPostprocessing = 0;
		};
		049EFE9C2679F83900283E13 /* Sources */ = {
			isa = PBXSourcesBuildPhase;
			buildActionMask = 2147483647;
			files = (
			);
			runOnlyForDeploymentPostprocessing = 0;
		};
/* End PBXSourcesBuildPhase section */

/* Begin PBXTargetDependency section */
		049EFE972679F83900283E13 /* PBXTargetDependency */ = {
			isa = PBXTargetDependency;
			target = 049EFE782679F83700283E13 /* MercenaryStory */;
			targetProxy = 049EFE962679F83900283E13 /* PBXContainerItemProxy */;
		};
		049EFEA22679F83900283E13 /* PBXTargetDependency */ = {
			isa = PBXTargetDependency;
			target = 049EFE782679F83700283E13 /* MercenaryStory */;
			targetProxy = 049EFEA12679F83900283E13 /* PBXContainerItemProxy */;
		};
/* End PBXTargetDependency section */

/* Begin PBXVariantGroup section */
		049EFE892679F83700283E13 /* Main.storyboard */ = {
			isa = PBXVariantGroup;
			children = (
				049EFE8A2679F83700283E13 /* Base */,
			);
			name = Main.storyboard;
			sourceTree = "<group>";
		};
/* End PBXVariantGroup section */

/* Begin XCBuildConfiguration section */
		049EFEA72679F83900283E13 /* Debug */ = {
			isa = XCBuildConfiguration;
			buildSettings = {
				ALWAYS_SEARCH_USER_PATHS = NO;
				CLANG_ANALYZER_NONNULL = YES;
				CLANG_ANALYZER_NUMBER_OBJECT_CONVERSION = YES_AGGRESSIVE;
				CLANG_CXX_LANGUAGE_STANDARD = "gnu++14";
				CLANG_CXX_LIBRARY = "libc++";
				CLANG_ENABLE_MODULES = YES;
				CLANG_ENABLE_OBJC_ARC = YES;
				CLANG_ENABLE_OBJC_WEAK = YES;
				CLANG_WARN_BLOCK_CAPTURE_AUTORELEASING = YES;
				CLANG_WARN_BOOL_CONVERSION = YES;
				CLANG_WARN_COMMA = YES;
				CLANG_WARN_CONSTANT_CONVERSION = YES;
				CLANG_WARN_DEPRECATED_OBJC_IMPLEMENTATIONS = YES;
				CLANG_WARN_DIRECT_OBJC_ISA_USAGE = YES_ERROR;
				CLANG_WARN_DOCUMENTATION_COMMENTS = YES;
				CLANG_WARN_EMPTY_BODY = YES;
				CLANG_WARN_ENUM_CONVERSION = YES;
				CLANG_WARN_INFINITE_RECURSION = YES;
				CLANG_WARN_INT_CONVERSION = YES;
				CLANG_WARN_NON_LITERAL_NULL_CONVERSION = YES;
				CLANG_WARN_OBJC_IMPLICIT_RETAIN_SELF = YES;
				CLANG_WARN_OBJC_LITERAL_CONVERSION = YES;
				CLANG_WARN_OBJC_ROOT_CLASS = YES_ERROR;
				CLANG_WARN_QUOTED_INCLUDE_IN_FRAMEWORK_HEADER = YES;
				CLANG_WARN_RANGE_LOOP_ANALYSIS = YES;
				CLANG_WARN_STRICT_PROTOTYPES = YES;
				CLANG_WARN_SUSPICIOUS_MOVE = YES;
				CLANG_WARN_UNGUARDED_AVAILABILITY = YES_AGGRESSIVE;
				CLANG_WARN_UNREACHABLE_CODE = YES;
				CLANG_WARN__DUPLICATE_METHOD_MATCH = YES;
				COPY_PHASE_STRIP = NO;
				DEBUG_INFORMATION_FORMAT = dwarf;
				ENABLE_STRICT_OBJC_MSGSEND = YES;
				ENABLE_TESTABILITY = YES;
				GCC_C_LANGUAGE_STANDARD = gnu11;
				GCC_DYNAMIC_NO_PIC = NO;
				GCC_NO_COMMON_BLOCKS = YES;
				GCC_OPTIMIZATION_LEVEL = 0;
				GCC_PREPROCESSOR_DEFINITIONS = (
					"DEBUG=1",
					"$(inherited)",
				);
				GCC_WARN_64_TO_32_BIT_CONVERSION = YES;
				GCC_WARN_ABOUT_RETURN_TYPE = YES_ERROR;
				GCC_WARN_UNDECLARED_SELECTOR = YES;
				GCC_WARN_UNINITIALIZED_AUTOS = YES_AGGRESSIVE;
				GCC_WARN_UNUSED_FUNCTION = YES;
				GCC_WARN_UNUSED_VARIABLE = YES;
				IPHONEOS_DEPLOYMENT_TARGET = 14.4;
				MTL_ENABLE_DEBUG_INFO = INCLUDE_SOURCE;
				MTL_FAST_MATH = YES;
				ONLY_ACTIVE_ARCH = YES;
				SDKROOT = iphoneos;
			};
			name = Debug;
		};
		049EFEA82679F83900283E13 /* Release */ = {
			isa = XCBuildConfiguration;
			buildSettings = {
				ALWAYS_SEARCH_USER_PATHS = NO;
				CLANG_ANALYZER_NONNULL = YES;
				CLANG_ANALYZER_NUMBER_OBJECT_CONVERSION = YES_AGGRESSIVE;
				CLANG_CXX_LANGUAGE_STANDARD = "gnu++14";
				CLANG_CXX_LIBRARY = "libc++";
				CLANG_ENABLE_MODULES = YES;
				CLANG_ENABLE_OBJC_ARC = YES;
				CLANG_ENABLE_OBJC_WEAK = YES;
				CLANG_WARN_BLOCK_CAPTURE_AUTORELEASING = YES;
				CLANG_WARN_BOOL_CONVERSION = YES;
				CLANG_WARN_COMMA = YES;
				CLANG_WARN_CONSTANT_CONVERSION = YES;
				CLANG_WARN_DEPRECATED_OBJC_IMPLEMENTATIONS = YES;
				CLANG_WARN_DIRECT_OBJC_ISA_USAGE = YES_ERROR;
				CLANG_WARN_DOCUMENTATION_COMMENTS = YES;
				CLANG_WARN_EMPTY_BODY = YES;
				CLANG_WARN_ENUM_CONVERSION = YES;
				CLANG_WARN_INFINITE_RECURSION = YES;
				CLANG_WARN_INT_CONVERSION = YES;
				CLANG_WARN_NON_LITERAL_NULL_CONVERSION = YES;
				CLANG_WARN_OBJC_IMPLICIT_RETAIN_SELF = YES;
				CLANG_WARN_OBJC_LITERAL_CONVERSION = YES;
				CLANG_WARN_OBJC_ROOT_CLASS = YES_ERROR;
				CLANG_WARN_QUOTED_INCLUDE_IN_FRAMEWORK_HEADER = YES;
				CLANG_WARN_RANGE_LOOP_ANALYSIS = YES;
				CLANG_WARN_STRICT_PROTOTYPES = YES;
				CLANG_WARN_SUSPICIOUS_MOVE = YES;
				CLANG_WARN_UNGUARDED_AVAILABILITY = YES_AGGRESSIVE;
				CLANG_WARN_UNREACHABLE_CODE = YES;
				CLANG_WARN__DUPLICATE_METHOD_MATCH = YES;
				COPY_PHASE_STRIP = NO;
				DEBUG_INFORMATION_FORMAT = "dwarf-with-dsym";
				ENABLE_NS_ASSERTIONS = NO;
				ENABLE_STRICT_OBJC_MSGSEND = YES;
				GCC_C_LANGUAGE_STANDARD = gnu11;
				GCC_NO_COMMON_BLOCKS = YES;
				GCC_WARN_64_TO_32_BIT_CONVERSION = YES;
				GCC_WARN_ABOUT_RETURN_TYPE = YES_ERROR;
				GCC_WARN_UNDECLARED_SELECTOR = YES;
				GCC_WARN_UNINITIALIZED_AUTOS = YES_AGGRESSIVE;
				GCC_WARN_UNUSED_FUNCTION = YES;
				GCC_WARN_UNUSED_VARIABLE = YES;
				IPHONEOS_DEPLOYMENT_TARGET = 14.4;
				MTL_ENABLE_DEBUG_INFO = NO;
				MTL_FAST_MATH = YES;
				SDKROOT = iphoneos;
				VALIDATE_PRODUCT = YES;
			};
			name = Release;
		};
		049EFEAA2679F83900283E13 /* Debug */ = {
			isa = XCBuildConfiguration;
			baseConfigurationReference = 93989DBAC1A006CC52F99BB0 /* Pods-MercenaryStory.debug.xcconfig */;
			buildSettings = {
				ASSETCATALOG_COMPILER_APPICON_NAME = AppIcon;
				ASSETCATALOG_COMPILER_GLOBAL_ACCENT_COLOR_NAME = AccentColor;
				CODE_SIGN_STYLE = Automatic;
				DEVELOPMENT_TEAM = BT8UTD5NYK;
				GCC_PRECOMPILE_PREFIX_HEADER = YES;
				GCC_PREFIX_HEADER = /Users/mac/Desktop/battleHeartCopy/MercenaryStory/WDTool/PrefixHeader.pch;
				INFOPLIST_FILE = MercenaryStory/Info.plist;
				LD_RUNPATH_SEARCH_PATHS = (
					"$(inherited)",
					"@executable_path/Frameworks",
				);
				PRODUCT_BUNDLE_IDENTIFIER = Freedom.MercenaryStory;
				PRODUCT_NAME = "$(TARGET_NAME)";
				TARGETED_DEVICE_FAMILY = "1,2";
			};
			name = Debug;
		};
		049EFEAB2679F83900283E13 /* Release */ = {
			isa = XCBuildConfiguration;
			baseConfigurationReference = 92E18414883EBCA2F38A05AA /* Pods-MercenaryStory.release.xcconfig */;
			buildSettings = {
				ASSETCATALOG_COMPILER_APPICON_NAME = AppIcon;
				ASSETCATALOG_COMPILER_GLOBAL_ACCENT_COLOR_NAME = AccentColor;
				CODE_SIGN_STYLE = Automatic;
				DEVELOPMENT_TEAM = BT8UTD5NYK;
				GCC_PRECOMPILE_PREFIX_HEADER = YES;
				GCC_PREFIX_HEADER = /Users/mac/Desktop/battleHeartCopy/MercenaryStory/WDTool/PrefixHeader.pch;
				INFOPLIST_FILE = MercenaryStory/Info.plist;
				LD_RUNPATH_SEARCH_PATHS = (
					"$(inherited)",
					"@executable_path/Frameworks",
				);
				PRODUCT_BUNDLE_IDENTIFIER = Freedom.MercenaryStory;
				PRODUCT_NAME = "$(TARGET_NAME)";
				TARGETED_DEVICE_FAMILY = "1,2";
			};
			name = Release;
		};
		049EFEAD2679F83900283E13 /* Debug */ = {
			isa = XCBuildConfiguration;
			buildSettings = {
				BUNDLE_LOADER = "$(TEST_HOST)";
				CODE_SIGN_STYLE = Automatic;
				DEVELOPMENT_TEAM = BT8UTD5NYK;
				INFOPLIST_FILE = MercenaryStoryTests/Info.plist;
				IPHONEOS_DEPLOYMENT_TARGET = 14.4;
				LD_RUNPATH_SEARCH_PATHS = (
					"$(inherited)",
					"@executable_path/Frameworks",
					"@loader_path/Frameworks",
				);
				PRODUCT_BUNDLE_IDENTIFIER = Freedom.MercenaryStoryTests;
				PRODUCT_NAME = "$(TARGET_NAME)";
				TARGETED_DEVICE_FAMILY = "1,2";
				TEST_HOST = "$(BUILT_PRODUCTS_DIR)/MercenaryStory.app/MercenaryStory";
			};
			name = Debug;
		};
		049EFEAE2679F83900283E13 /* Release */ = {
			isa = XCBuildConfiguration;
			buildSettings = {
				BUNDLE_LOADER = "$(TEST_HOST)";
				CODE_SIGN_STYLE = Automatic;
				DEVELOPMENT_TEAM = BT8UTD5NYK;
				INFOPLIST_FILE = MercenaryStoryTests/Info.plist;
				IPHONEOS_DEPLOYMENT_TARGET = 14.4;
				LD_RUNPATH_SEARCH_PATHS = (
					"$(inherited)",
					"@executable_path/Frameworks",
					"@loader_path/Frameworks",
				);
				PRODUCT_BUNDLE_IDENTIFIER = Freedom.MercenaryStoryTests;
				PRODUCT_NAME = "$(TARGET_NAME)";
				TARGETED_DEVICE_FAMILY = "1,2";
				TEST_HOST = "$(BUILT_PRODUCTS_DIR)/MercenaryStory.app/MercenaryStory";
			};
			name = Release;
		};
		049EFEB02679F83900283E13 /* Debug */ = {
			isa = XCBuildConfiguration;
			buildSettings = {
				CODE_SIGN_STYLE = Automatic;
				DEVELOPMENT_TEAM = BT8UTD5NYK;
				INFOPLIST_FILE = MercenaryStoryUITests/Info.plist;
				LD_RUNPATH_SEARCH_PATHS = (
					"$(inherited)",
					"@executable_path/Frameworks",
					"@loader_path/Frameworks",
				);
				PRODUCT_BUNDLE_IDENTIFIER = Freedom.MercenaryStoryUITests;
				PRODUCT_NAME = "$(TARGET_NAME)";
				TARGETED_DEVICE_FAMILY = "1,2";
				TEST_TARGET_NAME = MercenaryStory;
			};
			name = Debug;
		};
		049EFEB12679F83900283E13 /* Release */ = {
			isa = XCBuildConfiguration;
			buildSettings = {
				CODE_SIGN_STYLE = Automatic;
				DEVELOPMENT_TEAM = BT8UTD5NYK;
				INFOPLIST_FILE = MercenaryStoryUITests/Info.plist;
				LD_RUNPATH_SEARCH_PATHS = (
					"$(inherited)",
					"@executable_path/Frameworks",
					"@loader_path/Frameworks",
				);
				PRODUCT_BUNDLE_IDENTIFIER = Freedom.MercenaryStoryUITests;
				PRODUCT_NAME = "$(TARGET_NAME)";
				TARGETED_DEVICE_FAMILY = "1,2";
				TEST_TARGET_NAME = MercenaryStory;
			};
			name = Release;
		};
/* End XCBuildConfiguration section */

/* Begin XCConfigurationList section */
		049EFE742679F83700283E13 /* Build configuration list for PBXProject "MercenaryStory" */ = {
			isa = XCConfigurationList;
			buildConfigurations = (
				049EFEA72679F83900283E13 /* Debug */,
				049EFEA82679F83900283E13 /* Release */,
			);
			defaultConfigurationIsVisible = 0;
			defaultConfigurationName = Release;
		};
		049EFEA92679F83900283E13 /* Build configuration list for PBXNativeTarget "MercenaryStory" */ = {
			isa = XCConfigurationList;
			buildConfigurations = (
				049EFEAA2679F83900283E13 /* Debug */,
				049EFEAB2679F83900283E13 /* Release */,
			);
			defaultConfigurationIsVisible = 0;
			defaultConfigurationName = Release;
		};
		049EFEAC2679F83900283E13 /* Build configuration list for PBXNativeTarget "MercenaryStoryTests" */ = {
			isa = XCConfigurationList;
			buildConfigurations = (
				049EFEAD2679F83900283E13 /* Debug */,
				049EFEAE2679F83900283E13 /* Release */,
			);
			defaultConfigurationIsVisible = 0;
			defaultConfigurationName = Release;
		};
		049EFEAF2679F83900283E13 /* Build configuration list for PBXNativeTarget "MercenaryStoryUITests" */ = {
			isa = XCConfigurationList;
			buildConfigurations = (
				049EFEB02679F83900283E13 /* Debug */,
				049EFEB12679F83900283E13 /* Release */,
			);
			defaultConfigurationIsVisible = 0;
			defaultConfigurationName = Release;
		};
/* End XCConfigurationList section */
	};
	rootObject = 049EFE712679F83700283E13 /* Project object */;
}
